
Microsoft Visual Studio Solution File, Format Version 12.00
# Visual Studio Version 17
VisualStudioVersion = 17.4.33205.214
MinimumVisualStudioVersion = 10.0.40219.1
Project("{888888A0-9F3D-457C-B088-3A5042F75D52}") = "praktilinekodutöö2", "praktilinekodutöö2\praktilinekodutöö2.pyproj", "{C8C6B4C3-7FE9-40D5-A8C1-6E29489D5FAF}"
EndProject
Global
	GlobalSection(SolutionConfigurationPlatforms) = preSolution
		Debug|Any CPU = Debug|Any CPU
		Release|Any CPU = Release|Any CPU
	EndGlobalSection
	GlobalSection(ProjectConfigurationPlatforms) = postSolution
		{C8C6B4C3-7FE9-40D5-A8C1-6E29489D5FAF}.Debug|Any CPU.ActiveCfg = Debug|Any CPU
		{C8C6B4C3-7FE9-40D5-A8C1-6E29489D5FAF}.Release|Any CPU.ActiveCfg = Release|Any CPU
	EndGlobalSection
	GlobalSection(SolutionProperties) = preSolution
		HideSolutionNode = FALSE
	EndGlobalSection
	GlobalSection(ExtensibilityGlobals) = postSolution
		SolutionGuid = {892F8843-580C-4452-B655-592C60A98020}
	EndGlobalSection
EndGlobal
